
Microsoft Visual Studio Solution File, Format Version 12.00
# Visual Studio Version 17
VisualStudioVersion = 17.7.34031.279
MinimumVisualStudioVersion = 10.0.40219.1
Project("{9A19103F-16F7-4668-BE54-9A1E7A4F7556}") = "Moodle.API", "Moodle.API\Moodle.API.csproj", "{1BDA4523-CA41-44BF-A3DB-A5EA98A8D468}"
EndProject
Project("{9A19103F-16F7-4668-BE54-9A1E7A4F7556}") = "Moodle.Core", "Moodle.Core\Moodle.Core.csproj", "{6571946A-9163-4155-82B4-E484982165E5}"
EndProject
Global
	GlobalSection(SolutionConfigurationPlatforms) = preSolution
		Debug|Any CPU = Debug|Any CPU
		Release|Any CPU = Release|Any CPU
	EndGlobalSection
	GlobalSection(ProjectConfigurationPlatforms) = postSolution
		{1BDA4523-CA41-44BF-A3DB-A5EA98A8D468}.Debug|Any CPU.ActiveCfg = Debug|Any CPU
		{1BDA4523-CA41-44BF-A3DB-A5EA98A8D468}.Debug|Any CPU.Build.0 = Debug|Any CPU
		{1BDA4523-CA41-44BF-A3DB-A5EA98A8D468}.Release|Any CPU.ActiveCfg = Release|Any CPU
		{1BDA4523-CA41-44BF-A3DB-A5EA98A8D468}.Release|Any CPU.Build.0 = Release|Any CPU
		{6571946A-9163-4155-82B4-E484982165E5}.Debug|Any CPU.ActiveCfg = Debug|Any CPU
		{6571946A-9163-4155-82B4-E484982165E5}.Debug|Any CPU.Build.0 = Debug|Any CPU
		{6571946A-9163-4155-82B4-E484982165E5}.Release|Any CPU.ActiveCfg = Release|Any CPU
		{6571946A-9163-4155-82B4-E484982165E5}.Release|Any CPU.Build.0 = Release|Any CPU
	EndGlobalSection
	GlobalSection(SolutionProperties) = preSolution
		HideSolutionNode = FALSE
	EndGlobalSection
	GlobalSection(ExtensibilityGlobals) = postSolution
		SolutionGuid = {6DD410BB-D543-4389-B8A6-50F68E2F27EF}
	EndGlobalSection
EndGlobal
